
Microsoft Visual Studio Solution File, Format Version 12.00
# Visual Studio Version 16
VisualStudioVersion = 16.0.30225.117
MinimumVisualStudioVersion = 10.0.40219.1
Project("{9A19103F-16F7-4668-BE54-9A1E7A4F7556}") = "Desafio.GitHub.Application", "Desafio.GitHub.Application\Desafio.GitHub.Application.csproj", "{8FBD861D-A449-43D5-B367-23DD24E1E017}"
EndProject
Project("{9A19103F-16F7-4668-BE54-9A1E7A4F7556}") = "Desafio.GitHub.Domain", "Desafio.GitHub.Domain\Desafio.GitHub.Domain.csproj", "{DA41A70A-1126-4AD4-B679-B8031B3E90F2}"
EndProject
Project("{9A19103F-16F7-4668-BE54-9A1E7A4F7556}") = "Desafio.GitHub.Integration.Http", "Desafio.GitHub.Integration.Http\Desafio.GitHub.Integration.Http.csproj", "{E314F703-038E-478E-9826-92CC60E4CF29}"
EndProject
Project("{9A19103F-16F7-4668-BE54-9A1E7A4F7556}") = "Desafio.GitHub.CrossCutting", "Desafio.GitHub.CrossCutting\Desafio.GitHub.CrossCutting.csproj", "{9A0E206C-29D7-4099-88D9-C08B265F758D}"
EndProject
Project("{9A19103F-16F7-4668-BE54-9A1E7A4F7556}") = "Desafio.GitHub.DTO", "Desafio.GitHub.DTO\Desafio.GitHub.DTO.csproj", "{43C6728B-F85C-4096-B8EC-95B1FABC7EF9}"
EndProject
Project("{9A19103F-16F7-4668-BE54-9A1E7A4F7556}") = "Desafio.GitHub.Data.LiteDb", "Desafio.GitHub.Data.LiteDb\Desafio.GitHub.Data.LiteDb.csproj", "{C2400DB0-7E82-4014-8BDF-944835278644}"
EndProject
Project("{9A19103F-16F7-4668-BE54-9A1E7A4F7556}") = "Desafio.GitHub.Tests", "Desafio.GitHub.Tests\Desafio.GitHub.Tests.csproj", "{358C11A4-979C-46D9-92A5-99A8057305EF}"
EndProject
Project("{2150E333-8FDC-42A3-9474-1A3956D46DE8}") = "0.WebApi", "0.WebApi", "{C30433A4-0664-4499-B579-559B1C226D32}"
EndProject
Project("{2150E333-8FDC-42A3-9474-1A3956D46DE8}") = "1Application", "1Application", "{ACF09C65-B88B-48A9-A827-7B27C545D0A1}"
EndProject
Project("{2150E333-8FDC-42A3-9474-1A3956D46DE8}") = "3.Domain", "3.Domain", "{19595A7A-BDC7-4467-A536-798B924A88C6}"
EndProject
Project("{2150E333-8FDC-42A3-9474-1A3956D46DE8}") = "2.DTO", "2.DTO", "{1BB3B364-8DA7-4C0B-B0EF-331D3661E739}"
EndProject
Project("{2150E333-8FDC-42A3-9474-1A3956D46DE8}") = "4.Infrastructure", "4.Infrastructure", "{08307BC2-CF75-4C3A-B5E8-1BB15EC596E3}"
EndProject
Project("{2150E333-8FDC-42A3-9474-1A3956D46DE8}") = "5.CrossCutting", "5.CrossCutting", "{AF2BC8C1-744E-45F1-9100-CF994AAC5C52}"
EndProject
Project("{2150E333-8FDC-42A3-9474-1A3956D46DE8}") = "6.Tests", "6.Tests", "{52D675A7-4F6E-4806-A649-57EFCE959C92}"
EndProject
Project("{9A19103F-16F7-4668-BE54-9A1E7A4F7556}") = "Desafio.GitHub.WebApi", "Desafio.GitHub.WebApi\Desafio.GitHub.WebApi.csproj", "{B406BA5A-5317-4FE7-97FD-C1AFB627B7F5}"
EndProject
Global
	GlobalSection(SolutionConfigurationPlatforms) = preSolution
		Debug|Any CPU = Debug|Any CPU
		Release|Any CPU = Release|Any CPU
	EndGlobalSection
	GlobalSection(ProjectConfigurationPlatforms) = postSolution
		{8FBD861D-A449-43D5-B367-23DD24E1E017}.Debug|Any CPU.ActiveCfg = Debug|Any CPU
		{8FBD861D-A449-43D5-B367-23DD24E1E017}.Debug|Any CPU.Build.0 = Debug|Any CPU
		{8FBD861D-A449-43D5-B367-23DD24E1E017}.Release|Any CPU.ActiveCfg = Release|Any CPU
		{8FBD861D-A449-43D5-B367-23DD24E1E017}.Release|Any CPU.Build.0 = Release|Any CPU
		{DA41A70A-1126-4AD4-B679-B8031B3E90F2}.Debug|Any CPU.ActiveCfg = Debug|Any CPU
		{DA41A70A-1126-4AD4-B679-B8031B3E90F2}.Debug|Any CPU.Build.0 = Debug|Any CPU
		{DA41A70A-1126-4AD4-B679-B8031B3E90F2}.Release|Any CPU.ActiveCfg = Release|Any CPU
		{DA41A70A-1126-4AD4-B679-B8031B3E90F2}.Release|Any CPU.Build.0 = Release|Any CPU
		{E314F703-038E-478E-9826-92CC60E4CF29}.Debug|Any CPU.ActiveCfg = Debug|Any CPU
		{E314F703-038E-478E-9826-92CC60E4CF29}.Debug|Any CPU.Build.0 = Debug|Any CPU
		{E314F703-038E-478E-9826-92CC60E4CF29}.Release|Any CPU.ActiveCfg = Release|Any CPU
		{E314F703-038E-478E-9826-92CC60E4CF29}.Release|Any CPU.Build.0 = Release|Any CPU
		{9A0E206C-29D7-4099-88D9-C08B265F758D}.Debug|Any CPU.ActiveCfg = Debug|Any CPU
		{9A0E206C-29D7-4099-88D9-C08B265F758D}.Debug|Any CPU.Build.0 = Debug|Any CPU
		{9A0E206C-29D7-4099-88D9-C08B265F758D}.Release|Any CPU.ActiveCfg = Release|Any CPU
		{9A0E206C-29D7-4099-88D9-C08B265F758D}.Release|Any CPU.Build.0 = Release|Any CPU
		{43C6728B-F85C-4096-B8EC-95B1FABC7EF9}.Debug|Any CPU.ActiveCfg = Debug|Any CPU
		{43C6728B-F85C-4096-B8EC-95B1FABC7EF9}.Debug|Any CPU.Build.0 = Debug|Any CPU
		{43C6728B-F85C-4096-B8EC-95B1FABC7EF9}.Release|Any CPU.ActiveCfg = Release|Any CPU
		{43C6728B-F85C-4096-B8EC-95B1FABC7EF9}.Release|Any CPU.Build.0 = Release|Any CPU
		{C2400DB0-7E82-4014-8BDF-944835278644}.Debug|Any CPU.ActiveCfg = Debug|Any CPU
		{C2400DB0-7E82-4014-8BDF-944835278644}.Debug|Any CPU.Build.0 = Debug|Any CPU
		{C2400DB0-7E82-4014-8BDF-944835278644}.Release|Any CPU.ActiveCfg = Release|Any CPU
		{C2400DB0-7E82-4014-8BDF-944835278644}.Release|Any CPU.Build.0 = Release|Any CPU
		{358C11A4-979C-46D9-92A5-99A8057305EF}.Debug|Any CPU.ActiveCfg = Debug|Any CPU
		{358C11A4-979C-46D9-92A5-99A8057305EF}.Debug|Any CPU.Build.0 = Debug|Any CPU
		{358C11A4-979C-46D9-92A5-99A8057305EF}.Release|Any CPU.ActiveCfg = Release|Any CPU
		{358C11A4-979C-46D9-92A5-99A8057305EF}.Release|Any CPU.Build.0 = Release|Any CPU
		{B406BA5A-5317-4FE7-97FD-C1AFB627B7F5}.Debug|Any CPU.ActiveCfg = Debug|Any CPU
		{B406BA5A-5317-4FE7-97FD-C1AFB627B7F5}.Debug|Any CPU.Build.0 = Debug|Any CPU
		{B406BA5A-5317-4FE7-97FD-C1AFB627B7F5}.Release|Any CPU.ActiveCfg = Release|Any CPU
		{B406BA5A-5317-4FE7-97FD-C1AFB627B7F5}.Release|Any CPU.Build.0 = Release|Any CPU
	EndGlobalSection
	GlobalSection(SolutionProperties) = preSolution
		HideSolutionNode = FALSE
	EndGlobalSection
	GlobalSection(NestedProjects) = preSolution
		{8FBD861D-A449-43D5-B367-23DD24E1E017} = {ACF09C65-B88B-48A9-A827-7B27C545D0A1}
		{DA41A70A-1126-4AD4-B679-B8031B3E90F2} = {19595A7A-BDC7-4467-A536-798B924A88C6}
		{E314F703-038E-478E-9826-92CC60E4CF29} = {08307BC2-CF75-4C3A-B5E8-1BB15EC596E3}
		{9A0E206C-29D7-4099-88D9-C08B265F758D} = {AF2BC8C1-744E-45F1-9100-CF994AAC5C52}
		{43C6728B-F85C-4096-B8EC-95B1FABC7EF9} = {1BB3B364-8DA7-4C0B-B0EF-331D3661E739}
		{C2400DB0-7E82-4014-8BDF-944835278644} = {08307BC2-CF75-4C3A-B5E8-1BB15EC596E3}
		{358C11A4-979C-46D9-92A5-99A8057305EF} = {52D675A7-4F6E-4806-A649-57EFCE959C92}
		{B406BA5A-5317-4FE7-97FD-C1AFB627B7F5} = {C30433A4-0664-4499-B579-559B1C226D32}
	EndGlobalSection
	GlobalSection(ExtensibilityGlobals) = postSolution
		SolutionGuid = {2A0C31FF-D83A-4C2D-8946-B88CAD42A18D}
	EndGlobalSection
EndGlobal
